// !$*UTF8*$!
{
	archiveVersion = 1;
	classes = {
	};
	objectVersion = 56;
	objects = {

/* Begin PBXBuildFile section */
		880AD40A2A4199F70063FFBA /* AppDelegate.swift in Sources */ = {isa = PBXBuildFile; fileRef = 880AD4092A4199F70063FFBA /* AppDelegate.swift */; };
		880AD40C2A4199F70063FFBA /* SceneDelegate.swift in Sources */ = {isa = PBXBuildFile; fileRef = 880AD40B2A4199F70063FFBA /* SceneDelegate.swift */; };
		880AD40E2A4199F70063FFBA /* ViewController.swift in Sources */ = {isa = PBXBuildFile; fileRef = 880AD40D2A4199F70063FFBA /* ViewController.swift */; };
		880AD4112A4199F70063FFBA /* Main.storyboard in Resources */ = {isa = PBXBuildFile; fileRef = 880AD40F2A4199F70063FFBA /* Main.storyboard */; };
		880AD4132A4199F80063FFBA /* Assets.xcassets in Resources */ = {isa = PBXBuildFile; fileRef = 880AD4122A4199F80063FFBA /* Assets.xcassets */; };
		880AD4162A4199F80063FFBA /* LaunchScreen.storyboard in Resources */ = {isa = PBXBuildFile; fileRef = 880AD4142A4199F80063FFBA /* LaunchScreen.storyboard */; };
		880AD4212A4199F80063FFBA /* TestTests.swift in Sources */ = {isa = PBXBuildFile; fileRef = 880AD4202A4199F80063FFBA /* TestTests.swift */; };
		880AD42B2A4199F80063FFBA /* TestUITests.swift in Sources */ = {isa = PBXBuildFile; fileRef = 880AD42A2A4199F80063FFBA /* TestUITests.swift */; };
		880AD42D2A4199F80063FFBA /* TestUITestsLaunchTests.swift in Sources */ = {isa = PBXBuildFile; fileRef = 880AD42C2A4199F80063FFBA /* TestUITestsLaunchTests.swift */; };
/* End PBXBuildFile section */

/* Begin PBXContainerItemProxy section */
		880AD41D2A4199F80063FFBA /* PBXContainerItemProxy */ = {
			isa = PBXContainerItemProxy;
			containerPortal = 880AD3FE2A4199F60063FFBA /* Project object */;
			proxyType = 1;
			remoteGlobalIDString = 880AD4052A4199F70063FFBA;
			remoteInfo = Test;
		};
		880AD4272A4199F80063FFBA /* PBXContainerItemProxy */ = {
			isa = PBXContainerItemProxy;
			containerPortal = 880AD3FE2A4199F60063FFBA /* Project object */;
			proxyType = 1;
			remoteGlobalIDString = 880AD4052A4199F70063FFBA;
			remoteInfo = Test;
		};
/* End PBXContainerItemProxy section */

/* Begin PBXFileReference section */
		880AD4062A4199F70063FFBA /* Test.app */ = {isa = PBXFileReference; explicitFileType = wrapper.application; includeInIndex = 0; path = Test.app; sourceTree = BUILT_PRODUCTS_DIR; };
		880AD4092A4199F70063FFBA /* AppDelegate.swift */ = {isa = PBXFileReference; lastKnownFileType = sourcecode.swift; path = AppDelegate.swift; sourceTree = "<group>"; };
		880AD40B2A4199F70063FFBA /* SceneDelegate.swift */ = {isa = PBXFileReference; lastKnownFileType = sourcecode.swift; path = SceneDelegate.swift; sourceTree = "<group>"; };
		880AD40D2A4199F70063FFBA /* ViewController.swift */ = {isa = PBXFileReference; lastKnownFileType = sourcecode.swift; path = ViewController.swift; sourceTree = "<group>"; };
		880AD4102A4199F70063FFBA /* Base */ = {isa = PBXFileReference; lastKnownFileType = file.storyboard; name = Base; path = Base.lproj/Main.storyboard; sourceTree = "<group>"; };
		880AD4122A4199F80063FFBA /* Assets.xcassets */ = {isa = PBXFileReference; lastKnownFileType = folder.assetcatalog; path = Assets.xcassets; sourceTree = "<group>"; };
		880AD4152A4199F80063FFBA /* Base */ = {isa = PBXFileReference; lastKnownFileType = file.storyboard; name = Base; path = Base.lproj/LaunchScreen.storyboard; sourceTree = "<group>"; };
		880AD4172A4199F80063FFBA /* Info.plist */ = {isa = PBXFileReference; lastKnownFileType = text.plist.xml; path = Info.plist; sourceTree = "<group>"; };
		880AD41C2A4199F80063FFBA /* TestTests.xctest */ = {isa = PBXFileReference; explicitFileType = wrapper.cfbundle; includeInIndex = 0; path = TestTests.xctest; sourceTree = BUILT_PRODUCTS_DIR; };
		880AD4202A4199F80063FFBA /* TestTests.swift */ = {isa = PBXFileReference; lastKnownFileType = sourcecode.swift; path = TestTests.swift; sourceTree = "<group>"; };
		880AD4262A4199F80063FFBA /* TestUITests.xctest */ = {isa = PBXFileReference; explicitFileType = wrapper.cfbundle; includeInIndex = 0; path = TestUITests.xctest; sourceTree = BUILT_PRODUCTS_DIR; };
		880AD42A2A4199F80063FFBA /* TestUITests.swift */ = {isa = PBXFileReference; lastKnownFileType = sourcecode.swift; path = TestUITests.swift; sourceTree = "<group>"; };
		880AD42C2A4199F80063FFBA /* TestUITestsLaunchTests.swift */ = {isa = PBXFileReference; lastKnownFileType = sourcecode.swift; path = TestUITestsLaunchTests.swift; sourceTree = "<group>"; };
/* End PBXFileReference section */

/* Begin PBXFrameworksBuildPhase section */
		880AD4032A4199F70063FFBA /* Frameworks */ = {
			isa = PBXFrameworksBuildPhase;
			buildActionMask = 2147483647;
			files = (
			);
			runOnlyForDeploymentPostprocessing = 0;
		};
		880AD4192A4199F80063FFBA /* Frameworks */ = {
			isa = PBXFrameworksBuildPhase;
			buildActionMask = 2147483647;
			files = (
			);
			runOnlyForDeploymentPostprocessing = 0;
		};
		880AD4232A4199F80063FFBA /* Frameworks */ = {
			isa = PBXFrameworksBuildPhase;
			buildActionMask = 2147483647;
			files = (
			);
			runOnlyForDeploymentPostprocessing = 0;
		};
/* End PBXFrameworksBuildPhase section */

/* Begin PBXGroup section */
		880AD3FD2A4199F60063FFBA = {
			isa = PBXGroup;
			children = (
				880AD4082A4199F70063FFBA /* Test */,
				880AD41F2A4199F80063FFBA /* TestTests */,
				880AD4292A4199F80063FFBA /* TestUITests */,
				880AD4072A4199F70063FFBA /* Products */,
			);
			sourceTree = "<group>";
		};
		880AD4072A4199F70063FFBA /* Products */ = {
			isa = PBXGroup;
			children = (
				880AD4062A4199F70063FFBA /* Test.app */,
				880AD41C2A4199F80063FFBA /* TestTests.xctest */,
				880AD4262A4199F80063FFBA /* TestUITests.xctest */,
			);
			name = Products;
			sourceTree = "<group>";
		};
		880AD4082A4199F70063FFBA /* Test */ = {
			isa = PBXGroup;
			children = (
				880AD4092A4199F70063FFBA /* AppDelegate.swift */,
				880AD40B2A4199F70063FFBA /* SceneDelegate.swift */,
				880AD40D2A4199F70063FFBA /* ViewController.swift */,
				880AD40F2A4199F70063FFBA /* Main.storyboard */,
				880AD4122A4199F80063FFBA /* Assets.xcassets */,
				880AD4142A4199F80063FFBA /* LaunchScreen.storyboard */,
				880AD4172A4199F80063FFBA /* Info.plist */,
			);
			path = Test;
			sourceTree = "<group>";
		};
		880AD41F2A4199F80063FFBA /* TestTests */ = {
			isa = PBXGroup;
			children = (
				880AD4202A4199F80063FFBA /* TestTests.swift */,
			);
			path = TestTests;
			sourceTree = "<group>";
		};
		880AD4292A4199F80063FFBA /* TestUITests */ = {
			isa = PBXGroup;
			children = (
				880AD42A2A4199F80063FFBA /* TestUITests.swift */,
				880AD42C2A4199F80063FFBA /* TestUITestsLaunchTests.swift */,
			);
			path = TestUITests;
			sourceTree = "<group>";
		};
/* End PBXGroup section */

/* Begin PBXNativeTarget section */
		880AD4052A4199F70063FFBA /* Test */ = {
			isa = PBXNativeTarget;
			buildConfigurationList = 880AD4302A4199F80063FFBA /* Build configuration list for PBXNativeTarget "Test" */;
			buildPhases = (
				880AD4022A4199F70063FFBA /* Sources */,
				880AD4032A4199F70063FFBA /* Frameworks */,
				880AD4042A4199F70063FFBA /* Resources */,
			);
			buildRules = (
			);
			dependencies = (
			);
			name = Test;
			productName = Test;
			productReference = 880AD4062A4199F70063FFBA /* Test.app */;
			productType = "com.apple.product-type.application";
		};
		880AD41B2A4199F80063FFBA /* TestTests */ = {
			isa = PBXNativeTarget;
			buildConfigurationList = 880AD4332A4199F80063FFBA /* Build configuration list for PBXNativeTarget "TestTests" */;
			buildPhases = (
				880AD4182A4199F80063FFBA /* Sources */,
				880AD4192A4199F80063FFBA /* Frameworks */,
				880AD41A2A4199F80063FFBA /* Resources */,
			);
			buildRules = (
			);
			dependencies = (
				880AD41E2A4199F80063FFBA /* PBXTargetDependency */,
			);
			name = TestTests;
			productName = TestTests;
			productReference = 880AD41C2A4199F80063FFBA /* TestTests.xctest */;
			productType = "com.apple.product-type.bundle.unit-test";
		};
		880AD4252A4199F80063FFBA /* TestUITests */ = {
			isa = PBXNativeTarget;
			buildConfigurationList = 880AD4362A4199F80063FFBA /* Build configuration list for PBXNativeTarget "TestUITests" */;
			buildPhases = (
				880AD4222A4199F80063FFBA /* Sources */,
				880AD4232A4199F80063FFBA /* Frameworks */,
				880AD4242A4199F80063FFBA /* Resources */,
			);
			buildRules = (
			);
			dependencies = (
				880AD4282A4199F80063FFBA /* PBXTargetDependency */,
			);
			name = TestUITests;
			productName = TestUITests;
			productReference = 880AD4262A4199F80063FFBA /* TestUITests.xctest */;
			productType = "com.apple.product-type.bundle.ui-testing";
		};
/* End PBXNativeTarget section */

/* Begin PBXProject section */
		880AD3FE2A4199F60063FFBA /* Project object */ = {
			isa = PBXProject;
			attributes = {
				BuildIndependentTargetsInParallel = 1;
				LastSwiftUpdateCheck = 1430;
				LastUpgradeCheck = 1430;
				TargetAttributes = {
					880AD4052A4199F70063FFBA = {
						CreatedOnToolsVersion = 14.3.1;
					};
					880AD41B2A4199F80063FFBA = {
						CreatedOnToolsVersion = 14.3.1;
						TestTargetID = 880AD4052A4199F70063FFBA;
					};
					880AD4252A4199F80063FFBA = {
						CreatedOnToolsVersion = 14.3.1;
						TestTargetID = 880AD4052A4199F70063FFBA;
					};
				};
			};
			buildConfigurationList = 880AD4012A4199F60063FFBA /* Build configuration list for PBXProject "Test" */;
			compatibilityVersion = "Xcode 14.0";
			developmentRegion = en;
			hasScannedForEncodings = 0;
			knownRegions = (
				en,
				Base,
			);
			mainGroup = 880AD3FD2A4199F60063FFBA;
			productRefGroup = 880AD4072A4199F70063FFBA /* Products */;
			projectDirPath = "";
			projectRoot = "";
			targets = (
				880AD4052A4199F70063FFBA /* Test */,
				880AD41B2A4199F80063FFBA /* TestTests */,
				880AD4252A4199F80063FFBA /* TestUITests */,
			);
		};
/* End PBXProject section */

/* Begin PBXResourcesBuildPhase section */
		880AD4042A4199F70063FFBA /* Resources */ = {
			isa = PBXResourcesBuildPhase;
			buildActionMask = 2147483647;
			files = (
				880AD4162A4199F80063FFBA /* LaunchScreen.storyboard in Resources */,
				880AD4132A4199F80063FFBA /* Assets.xcassets in Resources */,
				880AD4112A4199F70063FFBA /* Main.storyboard in Resources */,
			);
			runOnlyForDeploymentPostprocessing = 0;
		};
		880AD41A2A4199F80063FFBA /* Resources */ = {
			isa = PBXResourcesBuildPhase;
			buildActionMask = 2147483647;
			files = (
			);
			runOnlyForDeploymentPostprocessing = 0;
		};
		880AD4242A4199F80063FFBA /* Resources */ = {
			isa = PBXResourcesBuildPhase;
			buildActionMask = 2147483647;
			files = (
			);
			runOnlyForDeploymentPostprocessing = 0;
		};
/* End PBXResourcesBuildPhase section */

/* Begin PBXSourcesBuildPhase section */
		880AD4022A4199F70063FFBA /* Sources */ = {
			isa = PBXSourcesBuildPhase;
			buildActionMask = 2147483647;
			files = (
				880AD40E2A4199F70063FFBA /* ViewController.swift in Sources */,
				880AD40A2A4199F70063FFBA /* AppDelegate.swift in Sources */,
				880AD40C2A4199F70063FFBA /* SceneDelegate.swift in Sources */,
			);
			runOnlyForDeploymentPostprocessing = 0;
		};
		880AD4182A4199F80063FFBA /* Sources */ = {
			isa = PBXSourcesBuildPhase;
			buildActionMask = 2147483647;
			files = (
				880AD4212A4199F80063FFBA /* TestTests.swift in Sources */,
			);
			runOnlyForDeploymentPostprocessing = 0;
		};
		880AD4222A4199F80063FFBA /* Sources */ = {
			isa = PBXSourcesBuildPhase;
			buildActionMask = 2147483647;
			files = (
				880AD42D2A4199F80063FFBA /* TestUITestsLaunchTests.swift in Sources */,
				880AD42B2A4199F80063FFBA /* TestUITests.swift in Sources */,
			);
			runOnlyForDeploymentPostprocessing = 0;
		};
/* End PBXSourcesBuildPhase section */

/* Begin PBXTargetDependency section */
		880AD41E2A4199F80063FFBA /* PBXTargetDependency */ = {
			isa = PBXTargetDependency;
			target = 880AD4052A4199F70063FFBA /* Test */;
			targetProxy = 880AD41D2A4199F80063FFBA /* PBXContainerItemProxy */;
		};
		880AD4282A4199F80063FFBA /* PBXTargetDependency */ = {
			isa = PBXTargetDependency;
			target = 880AD4052A4199F70063FFBA /* Test */;
			targetProxy = 880AD4272A4199F80063FFBA /* PBXContainerItemProxy */;
		};
/* End PBXTargetDependency section */

/* Begin PBXVariantGroup section */
		880AD40F2A4199F70063FFBA /* Main.storyboard */ = {
			isa = PBXVariantGroup;
			children = (
				880AD4102A4199F70063FFBA /* Base */,
			);
			name = Main.storyboard;
			sourceTree = "<group>";
		};
		880AD4142A4199F80063FFBA /* LaunchScreen.storyboard */ = {
			isa = PBXVariantGroup;
			children = (
				880AD4152A4199F80063FFBA /* Base */,
			);
			name = LaunchScreen.storyboard;
			sourceTree = "<group>";
		};
/* End PBXVariantGroup section */

/* Begin XCBuildConfiguration section */
		880AD42E2A4199F80063FFBA /* Debug */ = {
			isa = XCBuildConfiguration;
			buildSettings = {
				ALWAYS_SEARCH_USER_PATHS = NO;
				CLANG_ANALYZER_NONNULL = YES;
				CLANG_ANALYZER_NUMBER_OBJECT_CONVERSION = YES_AGGRESSIVE;
				CLANG_CXX_LANGUAGE_STANDARD = "gnu++20";
				CLANG_ENABLE_MODULES = YES;
				CLANG_ENABLE_OBJC_ARC = YES;
				CLANG_ENABLE_OBJC_WEAK = YES;
				CLANG_WARN_BLOCK_CAPTURE_AUTORELEASING = YES;
				CLANG_WARN_BOOL_CONVERSION = YES;
				CLANG_WARN_COMMA = YES;
				CLANG_WARN_CONSTANT_CONVERSION = YES;
				CLANG_WARN_DEPRECATED_OBJC_IMPLEMENTATIONS = YES;
				CLANG_WARN_DIRECT_OBJC_ISA_USAGE = YES_ERROR;
				CLANG_WARN_DOCUMENTATION_COMMENTS = YES;
				CLANG_WARN_EMPTY_BODY = YES;
				CLANG_WARN_ENUM_CONVERSION = YES;
				CLANG_WARN_INFINITE_RECURSION = YES;
				CLANG_WARN_INT_CONVERSION = YES;
				CLANG_WARN_NON_LITERAL_NULL_CONVERSION = YES;
				CLANG_WARN_OBJC_IMPLICIT_RETAIN_SELF = YES;
				CLANG_WARN_OBJC_LITERAL_CONVERSION = YES;
				CLANG_WARN_OBJC_ROOT_CLASS = YES_ERROR;
				CLANG_WARN_QUOTED_INCLUDE_IN_FRAMEWORK_HEADER = YES;
				CLANG_WARN_RANGE_LOOP_ANALYSIS = YES;
				CLANG_WARN_STRICT_PROTOTYPES = YES;
				CLANG_WARN_SUSPICIOUS_MOVE = YES;
				CLANG_WARN_UNGUARDED_AVAILABILITY = YES_AGGRESSIVE;
				CLANG_WARN_UNREACHABLE_CODE = YES;
				CLANG_WARN__DUPLICATE_METHOD_MATCH = YES;
				COPY_PHASE_STRIP = NO;
				DEBUG_INFORMATION_FORMAT = dwarf;
				ENABLE_STRICT_OBJC_MSGSEND = YES;
				ENABLE_TESTABILITY = YES;
				GCC_C_LANGUAGE_STANDARD = gnu11;
				GCC_DYNAMIC_NO_PIC = NO;
				GCC_NO_COMMON_BLOCKS = YES;
				GCC_OPTIMIZATION_LEVEL = 0;
				GCC_PREPROCESSOR_DEFINITIONS = (
					"DEBUG=1",
					"$(inherited)",
				);
				GCC_WARN_64_TO_32_BIT_CONVERSION = YES;
				GCC_WARN_ABOUT_RETURN_TYPE = YES_ERROR;
				GCC_WARN_UNDECLARED_SELECTOR = YES;
				GCC_WARN_UNINITIALIZED_AUTOS = YES_AGGRESSIVE;
				GCC_WARN_UNUSED_FUNCTION = YES;
				GCC_WARN_UNUSED_VARIABLE = YES;
				IPHONEOS_DEPLOYMENT_TARGET = 16.4;
				MTL_ENABLE_DEBUG_INFO = INCLUDE_SOURCE;
				MTL_FAST_MATH = YES;
				ONLY_ACTIVE_ARCH = YES;
				SDKROOT = iphoneos;
				SWIFT_ACTIVE_COMPILATION_CONDITIONS = DEBUG;
				SWIFT_OPTIMIZATION_LEVEL = "-Onone";
			};
			name = Debug;
		};
		880AD42F2A4199F80063FFBA /* Release */ = {
			isa = XCBuildConfiguration;
			buildSettings = {
				ALWAYS_SEARCH_USER_PATHS = NO;
				CLANG_ANALYZER_NONNULL = YES;
				CLANG_ANALYZER_NUMBER_OBJECT_CONVERSION = YES_AGGRESSIVE;
				CLANG_CXX_LANGUAGE_STANDARD = "gnu++20";
				CLANG_ENABLE_MODULES = YES;
				CLANG_ENABLE_OBJC_ARC = YES;
				CLANG_ENABLE_OBJC_WEAK = YES;
				CLANG_WARN_BLOCK_CAPTURE_AUTORELEASING = YES;
				CLANG_WARN_BOOL_CONVERSION = YES;
				CLANG_WARN_COMMA = YES;
				CLANG_WARN_CONSTANT_CONVERSION = YES;
				CLANG_WARN_DEPRECATED_OBJC_IMPLEMENTATIONS = YES;
				CLANG_WARN_DIRECT_OBJC_ISA_USAGE = YES_ERROR;
				CLANG_WARN_DOCUMENTATION_COMMENTS = YES;
				CLANG_WARN_EMPTY_BODY = YES;
				CLANG_WARN_ENUM_CONVERSION = YES;
				CLANG_WARN_INFINITE_RECURSION = YES;
				CLANG_WARN_INT_CONVERSION = YES;
				CLANG_WARN_NON_LITERAL_NULL_CONVERSION = YES;
				CLANG_WARN_OBJC_IMPLICIT_RETAIN_SELF = YES;
				CLANG_WARN_OBJC_LITERAL_CONVERSION = YES;
				CLANG_WARN_OBJC_ROOT_CLASS = YES_ERROR;
				CLANG_WARN_QUOTED_INCLUDE_IN_FRAMEWORK_HEADER = YES;
				CLANG_WARN_RANGE_LOOP_ANALYSIS = YES;
				CLANG_WARN_STRICT_PROTOTYPES = YES;
				CLANG_WARN_SUSPICIOUS_MOVE = YES;
				CLANG_WARN_UNGUARDED_AVAILABILITY = YES_AGGRESSIVE;
				CLANG_WARN_UNREACHABLE_CODE = YES;
				CLANG_WARN__DUPLICATE_METHOD_MATCH = YES;
				COPY_PHASE_STRIP = NO;
				DEBUG_INFORMATION_FORMAT = "dwarf-with-dsym";
				ENABLE_NS_ASSERTIONS = NO;
				ENABLE_STRICT_OBJC_MSGSEND = YES;
				GCC_C_LANGUAGE_STANDARD = gnu11;
				GCC_NO_COMMON_BLOCKS = YES;
				GCC_WARN_64_TO_32_BIT_CONVERSION = YES;
				GCC_WARN_ABOUT_RETURN_TYPE = YES_ERROR;
				GCC_WARN_UNDECLARED_SELECTOR = YES;
				GCC_WARN_UNINITIALIZED_AUTOS = YES_AGGRESSIVE;
				GCC_WARN_UNUSED_FUNCTION = YES;
				GCC_WARN_UNUSED_VARIABLE = YES;
				IPHONEOS_DEPLOYMENT_TARGET = 16.4;
				MTL_ENABLE_DEBUG_INFO = NO;
				MTL_FAST_MATH = YES;
				SDKROOT = iphoneos;
				SWIFT_COMPILATION_MODE = wholemodule;
				SWIFT_OPTIMIZATION_LEVEL = "-O";
				VALIDATE_PRODUCT = YES;
			};
			name = Release;
		};
		880AD4312A4199F80063FFBA /* Debug */ = {
			isa = XCBuildConfiguration;
			buildSettings = {
				ASSETCATALOG_COMPILER_APPICON_NAME = AppIcon;
				ASSETCATALOG_COMPILER_GLOBAL_ACCENT_COLOR_NAME = AccentColor;
				CODE_SIGN_STYLE = Automatic;
				CURRENT_PROJECT_VERSION = 1;
				DEVELOPMENT_TEAM = LTS35LN4QU;
				GENERATE_INFOPLIST_FILE = YES;
				INFOPLIST_FILE = Test/Info.plist;
				INFOPLIST_KEY_UIApplicationSupportsIndirectInputEvents = YES;
				INFOPLIST_KEY_UILaunchStoryboardName = LaunchScreen;
				INFOPLIST_KEY_UIMainStoryboardFile = Main;
				INFOPLIST_KEY_UISupportedInterfaceOrientations_iPad = "UIInterfaceOrientationPortrait UIInterfaceOrientationPortraitUpsideDown UIInterfaceOrientationLandscapeLeft UIInterfaceOrientationLandscapeRight";
				INFOPLIST_KEY_UISupportedInterfaceOrientations_iPhone = "UIInterfaceOrientationPortrait UIInterfaceOrientationLandscapeLeft UIInterfaceOrientationLandscapeRight";
				LD_RUNPATH_SEARCH_PATHS = (
					"$(inherited)",
					"@executable_path/Frameworks",
				);
				MARKETING_VERSION = 1.0;
				PRODUCT_BUNDLE_IDENTIFIER = com.test.Test;
				PRODUCT_NAME = "$(TARGET_NAME)";
				SWIFT_EMIT_LOC_STRINGS = YES;
				SWIFT_VERSION = 5.0;
				TARGETED_DEVICE_FAMILY = "1,2";
			};
			name = Debug;
		};
		880AD4322A4199F80063FFBA /* Release */ = {
			isa = XCBuildConfiguration;
			buildSettings = {
				ASSETCATALOG_COMPILER_APPICON_NAME = AppIcon;
				ASSETCATALOG_COMPILER_GLOBAL_ACCENT_COLOR_NAME = AccentColor;
				CODE_SIGN_STYLE = Automatic;
				CURRENT_PROJECT_VERSION = 1;
				DEVELOPMENT_TEAM = LTS35LN4QU;
				GENERATE_INFOPLIST_FILE = YES;
				INFOPLIST_FILE = Test/Info.plist;
				INFOPLIST_KEY_UIApplicationSupportsIndirectInputEvents = YES;
				INFOPLIST_KEY_UILaunchStoryboardName = LaunchScreen;
				INFOPLIST_KEY_UIMainStoryboardFile = Main;
				INFOPLIST_KEY_UISupportedInterfaceOrientations_iPad = "UIInterfaceOrientationPortrait UIInterfaceOrientationPortraitUpsideDown UIInterfaceOrientationLandscapeLeft UIInterfaceOrientationLandscapeRight";
				INFOPLIST_KEY_UISupportedInterfaceOrientations_iPhone = "UIInterfaceOrientationPortrait UIInterfaceOrientationLandscapeLeft UIInterfaceOrientationLandscapeRight";
				LD_RUNPATH_SEARCH_PATHS = (
					"$(inherited)",
					"@executable_path/Frameworks",
				);
				MARKETING_VERSION = 1.0;
				PRODUCT_BUNDLE_IDENTIFIER = com.test.Test;
				PRODUCT_NAME = "$(TARGET_NAME)";
				SWIFT_EMIT_LOC_STRINGS = YES;
				SWIFT_VERSION = 5.0;
				TARGETED_DEVICE_FAMILY = "1,2";
			};
			name = Release;
		};
		880AD4342A4199F80063FFBA /* Debug */ = {
			isa = XCBuildConfiguration;
			buildSettings = {
				ALWAYS_EMBED_SWIFT_STANDARD_LIBRARIES = YES;
				BUNDLE_LOADER = "$(TEST_HOST)";
				CODE_SIGN_STYLE = Automatic;
				CURRENT_PROJECT_VERSION = 1;
				DEVELOPMENT_TEAM = LTS35LN4QU;
				GENERATE_INFOPLIST_FILE = YES;
				IPHONEOS_DEPLOYMENT_TARGET = 16.4;
				MARKETING_VERSION = 1.0;
				PRODUCT_BUNDLE_IDENTIFIER = com.test.TestTests;
				PRODUCT_NAME = "$(TARGET_NAME)";
				SWIFT_EMIT_LOC_STRINGS = NO;
				SWIFT_VERSION = 5.0;
				TARGETED_DEVICE_FAMILY = "1,2";
				TEST_HOST = "$(BUILT_PRODUCTS_DIR)/Test.app/$(BUNDLE_EXECUTABLE_FOLDER_PATH)/Test";
			};
			name = Debug;
		};
		880AD4352A4199F80063FFBA /* Release */ = {
			isa = XCBuildConfiguration;
			buildSettings = {
				ALWAYS_EMBED_SWIFT_STANDARD_LIBRARIES = YES;
				BUNDLE_LOADER = "$(TEST_HOST)";
				CODE_SIGN_STYLE = Automatic;
				CURRENT_PROJECT_VERSION = 1;
				DEVELOPMENT_TEAM = LTS35LN4QU;
				GENERATE_INFOPLIST_FILE = YES;
				IPHONEOS_DEPLOYMENT_TARGET = 16.4;
				MARKETING_VERSION = 1.0;
				PRODUCT_BUNDLE_IDENTIFIER = com.test.TestTests;
				PRODUCT_NAME = "$(TARGET_NAME)";
				SWIFT_EMIT_LOC_STRINGS = NO;
				SWIFT_VERSION = 5.0;
				TARGETED_DEVICE_FAMILY = "1,2";
				TEST_HOST = "$(BUILT_PRODUCTS_DIR)/Test.app/$(BUNDLE_EXECUTABLE_FOLDER_PATH)/Test";
			};
			name = Release;
		};
		880AD4372A4199F80063FFBA /* Debug */ = {
			isa = XCBuildConfiguration;
			buildSettings = {
				ALWAYS_EMBED_SWIFT_STANDARD_LIBRARIES = YES;
				CODE_SIGN_STYLE = Automatic;
				CURRENT_PROJECT_VERSION = 1;
				DEVELOPMENT_TEAM = LTS35LN4QU;
				GENERATE_INFOPLIST_FILE = YES;
				MARKETING_VERSION = 1.0;
				PRODUCT_BUNDLE_IDENTIFIER = com.test.TestUITests;
				PRODUCT_NAME = "$(TARGET_NAME)";
				SWIFT_EMIT_LOC_STRINGS = NO;
				SWIFT_VERSION = 5.0;
				TARGETED_DEVICE_FAMILY = "1,2";
				TEST_TARGET_NAME = Test;
			};
			name = Debug;
		};
		880AD4382A4199F80063FFBA /* Release */ = {
			isa = XCBuildConfiguration;
			buildSettings = {
				ALWAYS_EMBED_SWIFT_STANDARD_LIBRARIES = YES;
				CODE_SIGN_STYLE = Automatic;
				CURRENT_PROJECT_VERSION = 1;
				DEVELOPMENT_TEAM = LTS35LN4QU;
				GENERATE_INFOPLIST_FILE = YES;
				MARKETING_VERSION = 1.0;
				PRODUCT_BUNDLE_IDENTIFIER = com.test.TestUITests;
				PRODUCT_NAME = "$(TARGET_NAME)";
				SWIFT_EMIT_LOC_STRINGS = NO;
				SWIFT_VERSION = 5.0;
				TARGETED_DEVICE_FAMILY = "1,2";
				TEST_TARGET_NAME = Test;
			};
			name = Release;
		};
/* End XCBuildConfiguration section */

/* Begin XCConfigurationList section */
		880AD4012A4199F60063FFBA /* Build configuration list for PBXProject "Test" */ = {
			isa = XCConfigurationList;
			buildConfigurations = (
				880AD42E2A4199F80063FFBA /* Debug */,
				880AD42F2A4199F80063FFBA /* Release */,
			);
			defaultConfigurationIsVisible = 0;
			defaultConfigurationName = Release;
		};
		880AD4302A4199F80063FFBA /* Build configuration list for PBXNativeTarget "Test" */ = {
			isa = XCConfigurationList;
			buildConfigurations = (
				880AD4312A4199F80063FFBA /* Debug */,
				880AD4322A4199F80063FFBA /* Release */,
			);
			defaultConfigurationIsVisible = 0;
			defaultConfigurationName = Release;
		};
		880AD4332A4199F80063FFBA /* Build configuration list for PBXNativeTarget "TestTests" */ = {
			isa = XCConfigurationList;
			buildConfigurations = (
				880AD4342A4199F80063FFBA /* Debug */,
				880AD4352A4199F80063FFBA /* Release */,
			);
			defaultConfigurationIsVisible = 0;
			defaultConfigurationName = Release;
		};
		880AD4362A4199F80063FFBA /* Build configuration list for PBXNativeTarget "TestUITests" */ = {
			isa = XCConfigurationList;
			buildConfigurations = (
				880AD4372A4199F80063FFBA /* Debug */,
				880AD4382A4199F80063FFBA /* Release */,
			);
			defaultConfigurationIsVisible = 0;
			defaultConfigurationName = Release;
		};
/* End XCConfigurationList section */
	};
	rootObject = 880AD3FE2A4199F60063FFBA /* Project object */;
}
